
Microsoft Visual Studio Solution File, Format Version 12.00
# Visual Studio Version 17
VisualStudioVersion = 17.0.31903.59
MinimumVisualStudioVersion = 10.0.40219.1
Project("{9A19103F-16F7-4668-BE54-9A1E7A4F7556}") = "ScheduleRisk.Core", "src\ScheduleRisk.Core\ScheduleRisk.Core.csproj", "{12A10554-EFBB-5FA6-97FE-0000512A6D00}"
EndProject
Project("{9A19103F-16F7-4668-BE54-9A1E7A4F7556}") = "ScheduleRisk.Cli", "src\ScheduleRisk.Cli\ScheduleRisk.Cli.csproj", "{76951DD5-EC2F-5BF1-93E1-05B1436EC23C}"
EndProject
Project("{9A19103F-16F7-4668-BE54-9A1E7A4F7556}") = "ScheduleRisk.Tests", "tests\ScheduleRisk.Tests\ScheduleRisk.Tests.csproj", "{4590C3A1-1662-56FB-BCA2-33654DB129AB}"
EndProject
Project("{9A19103F-16F7-4668-BE54-9A1E7A4F7556}") = "ScheduleRisk.Web", "src\ScheduleRisk.Web\ScheduleRisk.Web.csproj", "{EFC4732D-CF89-5FEA-B070-43BC95C05F54}"
EndProject
Global
	GlobalSection(SolutionConfigurationPlatforms) = preSolution
		Debug|Any CPU = Debug|Any CPU
		Release|Any CPU = Release|Any CPU
	EndGlobalSection
	GlobalSection(ProjectConfigurationPlatforms) = postSolution
		{12A10554-EFBB-5FA6-97FE-0000512A6D00}.Debug|Any CPU.ActiveCfg = Debug|Any CPU
		{12A10554-EFBB-5FA6-97FE-0000512A6D00}.Debug|Any CPU.Build.0 = Debug|Any CPU
		{12A10554-EFBB-5FA6-97FE-0000512A6D00}.Release|Any CPU.ActiveCfg = Release|Any CPU
		{12A10554-EFBB-5FA6-97FE-0000512A6D00}.Release|Any CPU.Build.0 = Release|Any CPU
		{76951DD5-EC2F-5BF1-93E1-05B1436EC23C}.Debug|Any CPU.ActiveCfg = Debug|Any CPU
		{76951DD5-EC2F-5BF1-93E1-05B1436EC23C}.Debug|Any CPU.Build.0 = Debug|Any CPU
		{76951DD5-EC2F-5BF1-93E1-05B1436EC23C}.Release|Any CPU.ActiveCfg = Release|Any CPU
		{76951DD5-EC2F-5BF1-93E1-05B1436EC23C}.Release|Any CPU.Build.0 = Release|Any CPU
		{4590C3A1-1662-56FB-BCA2-33654DB129AB}.Debug|Any CPU.ActiveCfg = Debug|Any CPU
		{4590C3A1-1662-56FB-BCA2-33654DB129AB}.Debug|Any CPU.Build.0 = Debug|Any CPU
		{4590C3A1-1662-56FB-BCA2-33654DB129AB}.Release|Any CPU.ActiveCfg = Release|Any CPU
		{4590C3A1-1662-56FB-BCA2-33654DB129AB}.Release|Any CPU.Build.0 = Release|Any CPU
		{EFC4732D-CF89-5FEA-B070-43BC95C05F54}.Debug|Any CPU.ActiveCfg = Debug|Any CPU
		{EFC4732D-CF89-5FEA-B070-43BC95C05F54}.Debug|Any CPU.Build.0 = Debug|Any CPU
		{EFC4732D-CF89-5FEA-B070-43BC95C05F54}.Release|Any CPU.ActiveCfg = Release|Any CPU
		{EFC4732D-CF89-5FEA-B070-43BC95C05F54}.Release|Any CPU.Build.0 = Release|Any CPU
	EndGlobalSection
	GlobalSection(SolutionProperties) = preSolution
		HideSolutionNode = FALSE
	EndGlobalSection
EndGlobal
